
Microsoft Visual Studio Solution File, Format Version 12.00
# Visual Studio Version 17
VisualStudioVersion = 17.7.34024.191
MinimumVisualStudioVersion = 10.0.40219.1
Project("{FAE04EC0-301F-11D3-BF4B-00C04F79EFBC}") = "ConcertManagement", "ConcertManagement\ConcertManagement.csproj", "{3ED735B4-CFE7-4F8C-A0B6-DCA61FD43585}"
EndProject
Project("{FAE04EC0-301F-11D3-BF4B-00C04F79EFBC}") = "DataAccess", "DataAccess\DataAccess.csproj", "{1F4E46F2-FC75-4215-8D85-B5DBEC4D8149}"
EndProject
Project("{FAE04EC0-301F-11D3-BF4B-00C04F79EFBC}") = "Models", "Models\Models.csproj", "{04E1A203-302C-4B79-8D18-9C19BBE07FFB}"
EndProject
Global
	GlobalSection(SolutionConfigurationPlatforms) = preSolution
		Debug|Any CPU = Debug|Any CPU
		Release|Any CPU = Release|Any CPU
	EndGlobalSection
	GlobalSection(ProjectConfigurationPlatforms) = postSolution
		{3ED735B4-CFE7-4F8C-A0B6-DCA61FD43585}.Debug|Any CPU.ActiveCfg = Debug|Any CPU
		{3ED735B4-CFE7-4F8C-A0B6-DCA61FD43585}.Debug|Any CPU.Build.0 = Debug|Any CPU
		{3ED735B4-CFE7-4F8C-A0B6-DCA61FD43585}.Release|Any CPU.ActiveCfg = Release|Any CPU
		{3ED735B4-CFE7-4F8C-A0B6-DCA61FD43585}.Release|Any CPU.Build.0 = Release|Any CPU
		{1F4E46F2-FC75-4215-8D85-B5DBEC4D8149}.Debug|Any CPU.ActiveCfg = Debug|Any CPU
		{1F4E46F2-FC75-4215-8D85-B5DBEC4D8149}.Debug|Any CPU.Build.0 = Debug|Any CPU
		{1F4E46F2-FC75-4215-8D85-B5DBEC4D8149}.Release|Any CPU.ActiveCfg = Release|Any CPU
		{1F4E46F2-FC75-4215-8D85-B5DBEC4D8149}.Release|Any CPU.Build.0 = Release|Any CPU
		{04E1A203-302C-4B79-8D18-9C19BBE07FFB}.Debug|Any CPU.ActiveCfg = Debug|Any CPU
		{04E1A203-302C-4B79-8D18-9C19BBE07FFB}.Debug|Any CPU.Build.0 = Debug|Any CPU
		{04E1A203-302C-4B79-8D18-9C19BBE07FFB}.Release|Any CPU.ActiveCfg = Release|Any CPU
		{04E1A203-302C-4B79-8D18-9C19BBE07FFB}.Release|Any CPU.Build.0 = Release|Any CPU
	EndGlobalSection
	GlobalSection(SolutionProperties) = preSolution
		HideSolutionNode = FALSE
	EndGlobalSection
	GlobalSection(ExtensibilityGlobals) = postSolution
		SolutionGuid = {E97345D1-76BA-4588-B1EF-66B97EF3D4EB}
	EndGlobalSection
EndGlobal
